
Microsoft Visual Studio Solution File, Format Version 12.00
# Visual Studio Version 16
VisualStudioVersion = 16.0.30225.117
MinimumVisualStudioVersion = 10.0.40219.1
Project("{FAE04EC0-301F-11D3-BF4B-00C04F79EFBC}") = "PlatformerHome", "PlatformerHome.csproj", "{D89A71A7-879C-4311-A489-F06880CA1172}"
EndProject
Global
	GlobalSection(SolutionConfigurationPlatforms) = preSolution
		Debug|Any CPU = Debug|Any CPU
		Release|Any CPU = Release|Any CPU
	EndGlobalSection
	GlobalSection(ProjectConfigurationPlatforms) = postSolution
		{D89A71A7-879C-4311-A489-F06880CA1172}.Debug|Any CPU.ActiveCfg = Debug|Any CPU
		{D89A71A7-879C-4311-A489-F06880CA1172}.Debug|Any CPU.Build.0 = Debug|Any CPU
		{D89A71A7-879C-4311-A489-F06880CA1172}.Release|Any CPU.ActiveCfg = Release|Any CPU
		{D89A71A7-879C-4311-A489-F06880CA1172}.Release|Any CPU.Build.0 = Release|Any CPU
	EndGlobalSection
	GlobalSection(SolutionProperties) = preSolution
		HideSolutionNode = FALSE
	EndGlobalSection
	GlobalSection(ExtensibilityGlobals) = postSolution
		SolutionGuid = {86627310-E048-47FF-8772-3C50C6610752}
	EndGlobalSection
EndGlobal
